
Microsoft Visual Studio Solution File, Format Version 12.00
# Visual Studio Version 17
VisualStudioVersion = 17.8.34316.72
MinimumVisualStudioVersion = 10.0.40219.1
Project("{9A19103F-16F7-4668-BE54-9A1E7A4F7556}") = "InternshipTradingApp.Server", "InternshipTradingApp.Server\InternshipTradingApp.Server.csproj", "{0A8E40A7-32A6-4935-BEF3-FBC82B6C6937}"
EndProject
Project("{2150E333-8FDC-42A3-9474-1A3956D46DE8}") = "OrderManagementSystem", "OrderManagementSystem", "{25D602C5-5DEA-48B1-B5A5-9BA26C52BAEC}"
EndProject
Project("{2150E333-8FDC-42A3-9474-1A3956D46DE8}") = "AccountManagement", "AccountManagement", "{0A092031-B966-4AAD-9969-ADE354035003}"
EndProject
Project("{2150E333-8FDC-42A3-9474-1A3956D46DE8}") = "CompanyInventory", "CompanyInventory", "{26024570-E131-466D-BC13-AE4ACFBD1F7A}"
EndProject
Project("{2150E333-8FDC-42A3-9474-1A3956D46DE8}") = "ExternalDataSynchronization", "ExternalDataSynchronization", "{8FBDBD36-EFFD-4841-9AD5-49BCE7385A9B}"
EndProject
Project("{9A19103F-16F7-4668-BE54-9A1E7A4F7556}") = "InternshipTradingApp.ModuleIntegration", "ModuleIntegration\InternshipTradingApp.ModuleIntegration.csproj", "{659F63B7-9434-431D-B6D4-9518F678B891}"
EndProject
Project("{2150E333-8FDC-42A3-9474-1A3956D46DE8}") = "Modules", "Modules", "{2A0D72CF-305E-4614-BFF3-8D89D0AAD8F6}"
EndProject
Project("{9A19103F-16F7-4668-BE54-9A1E7A4F7556}") = "InternshipTradingApp.CompanyInventory", "Modules\CompanyInventory\InternshipTradingApp.CompanyInventory\InternshipTradingApp.CompanyInventory.csproj", "{D61FA3A9-FE9B-4C6C-A9BD-94E1A4F8376A}"
EndProject
Project("{9A19103F-16F7-4668-BE54-9A1E7A4F7556}") = "ExternalDataSynchronization", "ExternalDataSynchronization\ExternalDataSynchronization.csproj", "{4F07C058-D80F-47A8-9FAE-F5940DB3DB84}"
EndProject
Project("{54A90642-561A-4BB1-A94E-469ADEE60C69}") = "internshiptradingapp.client", "internshiptradingapp.client\internshiptradingapp.client.esproj", "{88FFB490-8B73-42D0-BD13-1D540530C429}"
EndProject
Project("{9A19103F-16F7-4668-BE54-9A1E7A4F7556}") = "InternshipTradingApp.AccountManagement", "InternshipTradingApp.AccountManagement\InternshipTradingApp.AccountManagement.csproj", "{D6643D19-C23F-4C70-B99C-D31B8101E298}"
EndProject
Project("{9A19103F-16F7-4668-BE54-9A1E7A4F7556}") = "InternshipTradingApp.OrderManagementSystem", "InternshipTradingApp.OrderManagementSystem\InternshipTradingApp.OrderManagementSystem.csproj", "{0EEF9528-D9D1-4E3F-9D85-A499C5F38EB7}"
EndProject
Project("{2150E333-8FDC-42A3-9474-1A3956D46DE8}") = "Tests", "Tests", "{BE0AF145-CFC6-4EB5-90B1-417A209ADF67}"
EndProject
Project("{2150E333-8FDC-42A3-9474-1A3956D46DE8}") = "Modules", "Modules", "{17A97698-0C55-4791-8599-315A736A3D56}"
EndProject
Project("{2150E333-8FDC-42A3-9474-1A3956D46DE8}") = "CompanyInventory", "CompanyInventory", "{E99193B1-6A71-4165-B580-ACF7754C314E}"
EndProject
Project("{FAE04EC0-301F-11D3-BF4B-00C04F79EFBC}") = "CompanyInventory.Tests", "CompanyInventory.Tests\CompanyInventory.Tests.csproj", "{7BBB2AB8-793A-42FD-AAB4-391778408EA3}"
EndProject
Global
	GlobalSection(SolutionConfigurationPlatforms) = preSolution
		Debug|Any CPU = Debug|Any CPU
		Release|Any CPU = Release|Any CPU
	EndGlobalSection
	GlobalSection(ProjectConfigurationPlatforms) = postSolution
		{0A8E40A7-32A6-4935-BEF3-FBC82B6C6937}.Debug|Any CPU.ActiveCfg = Debug|Any CPU
		{0A8E40A7-32A6-4935-BEF3-FBC82B6C6937}.Debug|Any CPU.Build.0 = Debug|Any CPU
		{0A8E40A7-32A6-4935-BEF3-FBC82B6C6937}.Release|Any CPU.ActiveCfg = Release|Any CPU
		{0A8E40A7-32A6-4935-BEF3-FBC82B6C6937}.Release|Any CPU.Build.0 = Release|Any CPU
		{659F63B7-9434-431D-B6D4-9518F678B891}.Debug|Any CPU.ActiveCfg = Debug|Any CPU
		{659F63B7-9434-431D-B6D4-9518F678B891}.Debug|Any CPU.Build.0 = Debug|Any CPU
		{659F63B7-9434-431D-B6D4-9518F678B891}.Release|Any CPU.ActiveCfg = Release|Any CPU
		{659F63B7-9434-431D-B6D4-9518F678B891}.Release|Any CPU.Build.0 = Release|Any CPU
		{D61FA3A9-FE9B-4C6C-A9BD-94E1A4F8376A}.Debug|Any CPU.ActiveCfg = Debug|Any CPU
		{D61FA3A9-FE9B-4C6C-A9BD-94E1A4F8376A}.Debug|Any CPU.Build.0 = Debug|Any CPU
		{D61FA3A9-FE9B-4C6C-A9BD-94E1A4F8376A}.Release|Any CPU.ActiveCfg = Release|Any CPU
		{D61FA3A9-FE9B-4C6C-A9BD-94E1A4F8376A}.Release|Any CPU.Build.0 = Release|Any CPU
		{4F07C058-D80F-47A8-9FAE-F5940DB3DB84}.Debug|Any CPU.ActiveCfg = Debug|Any CPU
		{4F07C058-D80F-47A8-9FAE-F5940DB3DB84}.Debug|Any CPU.Build.0 = Debug|Any CPU
		{4F07C058-D80F-47A8-9FAE-F5940DB3DB84}.Release|Any CPU.ActiveCfg = Release|Any CPU
		{4F07C058-D80F-47A8-9FAE-F5940DB3DB84}.Release|Any CPU.Build.0 = Release|Any CPU
		{88FFB490-8B73-42D0-BD13-1D540530C429}.Debug|Any CPU.ActiveCfg = Debug|Any CPU
		{88FFB490-8B73-42D0-BD13-1D540530C429}.Debug|Any CPU.Build.0 = Debug|Any CPU
		{88FFB490-8B73-42D0-BD13-1D540530C429}.Debug|Any CPU.Deploy.0 = Debug|Any CPU
		{88FFB490-8B73-42D0-BD13-1D540530C429}.Release|Any CPU.ActiveCfg = Release|Any CPU
		{88FFB490-8B73-42D0-BD13-1D540530C429}.Release|Any CPU.Build.0 = Release|Any CPU
		{88FFB490-8B73-42D0-BD13-1D540530C429}.Release|Any CPU.Deploy.0 = Release|Any CPU
		{D6643D19-C23F-4C70-B99C-D31B8101E298}.Debug|Any CPU.ActiveCfg = Debug|Any CPU
		{D6643D19-C23F-4C70-B99C-D31B8101E298}.Debug|Any CPU.Build.0 = Debug|Any CPU
		{D6643D19-C23F-4C70-B99C-D31B8101E298}.Release|Any CPU.ActiveCfg = Release|Any CPU
		{D6643D19-C23F-4C70-B99C-D31B8101E298}.Release|Any CPU.Build.0 = Release|Any CPU
		{0EEF9528-D9D1-4E3F-9D85-A499C5F38EB7}.Debug|Any CPU.ActiveCfg = Debug|Any CPU
		{0EEF9528-D9D1-4E3F-9D85-A499C5F38EB7}.Debug|Any CPU.Build.0 = Debug|Any CPU
		{0EEF9528-D9D1-4E3F-9D85-A499C5F38EB7}.Release|Any CPU.ActiveCfg = Release|Any CPU
		{0EEF9528-D9D1-4E3F-9D85-A499C5F38EB7}.Release|Any CPU.Build.0 = Release|Any CPU
		{7BBB2AB8-793A-42FD-AAB4-391778408EA3}.Debug|Any CPU.ActiveCfg = Debug|Any CPU
		{7BBB2AB8-793A-42FD-AAB4-391778408EA3}.Debug|Any CPU.Build.0 = Debug|Any CPU
		{7BBB2AB8-793A-42FD-AAB4-391778408EA3}.Release|Any CPU.ActiveCfg = Release|Any CPU
		{7BBB2AB8-793A-42FD-AAB4-391778408EA3}.Release|Any CPU.Build.0 = Release|Any CPU
	EndGlobalSection
	GlobalSection(SolutionProperties) = preSolution
		HideSolutionNode = FALSE
	EndGlobalSection
	GlobalSection(NestedProjects) = preSolution
		{25D602C5-5DEA-48B1-B5A5-9BA26C52BAEC} = {2A0D72CF-305E-4614-BFF3-8D89D0AAD8F6}
		{0A092031-B966-4AAD-9969-ADE354035003} = {2A0D72CF-305E-4614-BFF3-8D89D0AAD8F6}
		{26024570-E131-466D-BC13-AE4ACFBD1F7A} = {2A0D72CF-305E-4614-BFF3-8D89D0AAD8F6}
		{D61FA3A9-FE9B-4C6C-A9BD-94E1A4F8376A} = {26024570-E131-466D-BC13-AE4ACFBD1F7A}
		{4F07C058-D80F-47A8-9FAE-F5940DB3DB84} = {8FBDBD36-EFFD-4841-9AD5-49BCE7385A9B}
		{D6643D19-C23F-4C70-B99C-D31B8101E298} = {0A092031-B966-4AAD-9969-ADE354035003}
		{0EEF9528-D9D1-4E3F-9D85-A499C5F38EB7} = {25D602C5-5DEA-48B1-B5A5-9BA26C52BAEC}
		{17A97698-0C55-4791-8599-315A736A3D56} = {BE0AF145-CFC6-4EB5-90B1-417A209ADF67}
		{E99193B1-6A71-4165-B580-ACF7754C314E} = {17A97698-0C55-4791-8599-315A736A3D56}
		{7BBB2AB8-793A-42FD-AAB4-391778408EA3} = {E99193B1-6A71-4165-B580-ACF7754C314E}
	EndGlobalSection
	GlobalSection(ExtensibilityGlobals) = postSolution
		SolutionGuid = {37369618-FAD3-46EA-BD72-B13EA1F5C23A}
	EndGlobalSection
EndGlobal
